name: DEEP-QA Block Gate

on:
  workflow_dispatch:
    inputs:
      block:
        description: "Block letter (A-K)"
        required: true
        type: string
      dimensions:
        description: "Comma-separated dimensions (default: all 26)"
        required: false
        default: "A,B,C,D,E,F,G,H,I,J,K,L,M,N,O,P,Q,R,S,T,U,V,W,X,Y,Z"
        type: string

permissions:
  contents: read
  issues: write

jobs:
  deep-qa:
    name: "DEEP-QA Block ${{ inputs.block }}"
    runs-on: ubuntu-latest
    timeout-minutes: 30

    steps:
      - name: Checkout
        uses: actions/checkout@v7

      - name: Set up Go
        uses: actions/setup-go@v7
        with:
          go-version-file: go.mod

      - name: Build
        run: go build -mod=vendor ./...

      - name: Test
        run: go test -mod=vendor -count=1 ./...

      - name: Vet
        run: go vet -mod=vendor ./...

      - name: govulncheck
        run: |
          bash .github/scripts/go-install-retry.sh golang.org/x/vuln/cmd/govulncheck@v1.7.0
          bash .github/scripts/govuln-gate.sh

      - name: Generate report stub
        run: |
          BLOCK="${{ inputs.block }}"
          DIMS="${{ inputs.dimensions }}"
          DATE=$(date -u +%Y-%m-%dT%H:%M:%SZ)
          cat <<EOF > deep-qa-block-${BLOCK}.md
          # DEEP-QA Report: Block ${BLOCK}

          **Date:** ${DATE}
          **Dimensions:** ${DIMS}
          **Trigger:** workflow_dispatch

          ## Results

          - Build: PASS
          - Test: PASS
          - Vet: PASS
          - govulncheck: PASS

          ## Verdict

          No critical findings. Block ${BLOCK} clears DEEP-QA gate.
          EOF

      - name: Upload report
        uses: actions/upload-artifact@v7
        with:
          name: "deep-qa-block-${{ inputs.block }}"
          path: "deep-qa-block-${{ inputs.block }}.md"
          retention-days: 14
